
Microsoft Visual Studio Solution File, Format Version 12.00
# Visual Studio Version 17
VisualStudioVersion = 17.14.36327.8 d17.14
MinimumVisualStudioVersion = 10.0.40219.1
Project("{FAE04EC0-301F-11D3-BF4B-00C04F79EFBC}") = "Exercicio5", "Exercicio5.csproj", "{4710FBB9-C315-4A3D-90CB-D328FD302E73}"
EndProject
Global
	GlobalSection(SolutionConfigurationPlatforms) = preSolution
		Debug|Any CPU = Debug|Any CPU
		Release|Any CPU = Release|Any CPU
	EndGlobalSection
	GlobalSection(ProjectConfigurationPlatforms) = postSolution
		{4710FBB9-C315-4A3D-90CB-D328FD302E73}.Debug|Any CPU.ActiveCfg = Debug|Any CPU
		{4710FBB9-C315-4A3D-90CB-D328FD302E73}.Debug|Any CPU.Build.0 = Debug|Any CPU
		{4710FBB9-C315-4A3D-90CB-D328FD302E73}.Release|Any CPU.ActiveCfg = Release|Any CPU
		{4710FBB9-C315-4A3D-90CB-D328FD302E73}.Release|Any CPU.Build.0 = Release|Any CPU
	EndGlobalSection
	GlobalSection(SolutionProperties) = preSolution
		HideSolutionNode = FALSE
	EndGlobalSection
	GlobalSection(ExtensibilityGlobals) = postSolution
		SolutionGuid = {0B9FCF1F-AED2-4659-AC66-59E4759EFF9A}
	EndGlobalSection
EndGlobal
